
Microsoft Visual Studio Solution File, Format Version 12.00
# Visual Studio Version 16
VisualStudioVersion = 16.0.31702.278
MinimumVisualStudioVersion = 10.0.40219.1
Project("{FAE04EC0-301F-11D3-BF4B-00C04F79EFBC}") = "lab15", "lab15\lab15.csproj", "{96567D78-833A-452E-954C-B6EF100D8458}"
EndProject
Global
	GlobalSection(SolutionConfigurationPlatforms) = preSolution
		Debug|Any CPU = Debug|Any CPU
		Release|Any CPU = Release|Any CPU
	EndGlobalSection
	GlobalSection(ProjectConfigurationPlatforms) = postSolution
		{96567D78-833A-452E-954C-B6EF100D8458}.Debug|Any CPU.ActiveCfg = Debug|Any CPU
		{96567D78-833A-452E-954C-B6EF100D8458}.Debug|Any CPU.Build.0 = Debug|Any CPU
		{96567D78-833A-452E-954C-B6EF100D8458}.Release|Any CPU.ActiveCfg = Release|Any CPU
		{96567D78-833A-452E-954C-B6EF100D8458}.Release|Any CPU.Build.0 = Release|Any CPU
	EndGlobalSection
	GlobalSection(SolutionProperties) = preSolution
		HideSolutionNode = FALSE
	EndGlobalSection
	GlobalSection(ExtensibilityGlobals) = postSolution
		SolutionGuid = {6EA5600D-6FE7-4DB2-B005-07616DE5B4DC}
	EndGlobalSection
EndGlobal
